
Microsoft Visual Studio Solution File, Format Version 12.00
# Visual Studio 14
VisualStudioVersion = 14.0.25123.0
MinimumVisualStudioVersion = 10.0.40219.1
Project("{FAE04EC0-301F-11D3-BF4B-00C04F79EFBC}") = "PhysicalEducationManagement System", "PhysicalEducationManagement System\PhysicalEducationManagement System.csproj", "{0BC078B3-F1E2-46FD-B863-A8EA37AC11AD}"
EndProject
Global
	GlobalSection(SolutionConfigurationPlatforms) = preSolution
		Debug|Any CPU = Debug|Any CPU
		Release|Any CPU = Release|Any CPU
	EndGlobalSection
	GlobalSection(ProjectConfigurationPlatforms) = postSolution
		{0BC078B3-F1E2-46FD-B863-A8EA37AC11AD}.Debug|Any CPU.ActiveCfg = Debug|Any CPU
		{0BC078B3-F1E2-46FD-B863-A8EA37AC11AD}.Debug|Any CPU.Build.0 = Debug|Any CPU
		{0BC078B3-F1E2-46FD-B863-A8EA37AC11AD}.Release|Any CPU.ActiveCfg = Release|Any CPU
		{0BC078B3-F1E2-46FD-B863-A8EA37AC11AD}.Release|Any CPU.Build.0 = Release|Any CPU
	EndGlobalSection
	GlobalSection(SolutionProperties) = preSolution
		HideSolutionNode = FALSE
	EndGlobalSection
EndGlobal
